
Microsoft Visual Studio Solution File, Format Version 12.00
# Visual Studio 15
VisualStudioVersion = 15.0.27703.2018
MinimumVisualStudioVersion = 10.0.40219.1
Project("{FAE04EC0-301F-11D3-BF4B-00C04F79EFBC}") = "NosPoll", "NosPoll\NosPoll.csproj", "{56C15E45-D0F0-4139-94CF-0020D376BA97}"
EndProject
Global
	GlobalSection(SolutionConfigurationPlatforms) = preSolution
		Debug|Any CPU = Debug|Any CPU
		Release|Any CPU = Release|Any CPU
	EndGlobalSection
	GlobalSection(ProjectConfigurationPlatforms) = postSolution
		{56C15E45-D0F0-4139-94CF-0020D376BA97}.Debug|Any CPU.ActiveCfg = Debug|Any CPU
		{56C15E45-D0F0-4139-94CF-0020D376BA97}.Debug|Any CPU.Build.0 = Debug|Any CPU
		{56C15E45-D0F0-4139-94CF-0020D376BA97}.Release|Any CPU.ActiveCfg = Release|Any CPU
		{56C15E45-D0F0-4139-94CF-0020D376BA97}.Release|Any CPU.Build.0 = Release|Any CPU
	EndGlobalSection
	GlobalSection(SolutionProperties) = preSolution
		HideSolutionNode = FALSE
	EndGlobalSection
	GlobalSection(ExtensibilityGlobals) = postSolution
		SolutionGuid = {822F7C65-96FC-41CA-AAFE-AE1F1A7A3DCE}
	EndGlobalSection
EndGlobal
